
Microsoft Visual Studio Solution File, Format Version 12.00
# Visual Studio Version 16
VisualStudioVersion = 16.0.29411.108
MinimumVisualStudioVersion = 10.0.40219.1
Project("{FAE04EC0-301F-11D3-BF4B-00C04F79EFBC}") = "SportsStore.WebUI", "SportsStore.WebUI\SportsStore.WebUI.csproj", "{D9A15B2D-D3D0-4F98-914B-2D7913E71DA2}"
EndProject
Project("{FAE04EC0-301F-11D3-BF4B-00C04F79EFBC}") = "SportsStore.Domain", "SportsStore.Domain\SportsStore.Domain.csproj", "{EEC3EECE-0B63-42B3-8FA3-E46AB5C26AD0}"
EndProject
Project("{FAE04EC0-301F-11D3-BF4B-00C04F79EFBC}") = "SportsStore.UnitTests", "SportsStore.UnitTests\SportsStore.UnitTests.csproj", "{AE8A253E-88E6-4A2D-A5D3-8961EEA4314F}"
EndProject
Global
	GlobalSection(SolutionConfigurationPlatforms) = preSolution
		Debug|Any CPU = Debug|Any CPU
		Release|Any CPU = Release|Any CPU
	EndGlobalSection
	GlobalSection(ProjectConfigurationPlatforms) = postSolution
		{D9A15B2D-D3D0-4F98-914B-2D7913E71DA2}.Debug|Any CPU.ActiveCfg = Debug|Any CPU
		{D9A15B2D-D3D0-4F98-914B-2D7913E71DA2}.Debug|Any CPU.Build.0 = Debug|Any CPU
		{D9A15B2D-D3D0-4F98-914B-2D7913E71DA2}.Release|Any CPU.ActiveCfg = Release|Any CPU
		{D9A15B2D-D3D0-4F98-914B-2D7913E71DA2}.Release|Any CPU.Build.0 = Release|Any CPU
		{EEC3EECE-0B63-42B3-8FA3-E46AB5C26AD0}.Debug|Any CPU.ActiveCfg = Debug|Any CPU
		{EEC3EECE-0B63-42B3-8FA3-E46AB5C26AD0}.Debug|Any CPU.Build.0 = Debug|Any CPU
		{EEC3EECE-0B63-42B3-8FA3-E46AB5C26AD0}.Release|Any CPU.ActiveCfg = Release|Any CPU
		{EEC3EECE-0B63-42B3-8FA3-E46AB5C26AD0}.Release|Any CPU.Build.0 = Release|Any CPU
		{AE8A253E-88E6-4A2D-A5D3-8961EEA4314F}.Debug|Any CPU.ActiveCfg = Debug|Any CPU
		{AE8A253E-88E6-4A2D-A5D3-8961EEA4314F}.Debug|Any CPU.Build.0 = Debug|Any CPU
		{AE8A253E-88E6-4A2D-A5D3-8961EEA4314F}.Release|Any CPU.ActiveCfg = Release|Any CPU
		{AE8A253E-88E6-4A2D-A5D3-8961EEA4314F}.Release|Any CPU.Build.0 = Release|Any CPU
	EndGlobalSection
	GlobalSection(SolutionProperties) = preSolution
		HideSolutionNode = FALSE
	EndGlobalSection
	GlobalSection(ExtensibilityGlobals) = postSolution
		SolutionGuid = {89719F25-CF26-43C8-BC61-B9444334875A}
	EndGlobalSection
EndGlobal
